// !$*UTF8*$!
{
	archiveVersion = 1;
	classes = {
	};
	objectVersion = 50;
	objects = {

/* Begin PBXBuildFile section */
		5EF6997220723F160092C068 /* AppDelegate.swift in Sources */ = {isa = PBXBuildFile; fileRef = 5EF6997120723F160092C068 /* AppDelegate.swift */; };
		5EF6997420723F160092C068 /* ViewController.swift in Sources */ = {isa = PBXBuildFile; fileRef = 5EF6997320723F160092C068 /* ViewController.swift */; };
		5EF6997720723F160092C068 /* Main.storyboard in Resources */ = {isa = PBXBuildFile; fileRef = 5EF6997520723F160092C068 /* Main.storyboard */; };
		5EF6997920723F1C0092C068 /* Assets.xcassets in Resources */ = {isa = PBXBuildFile; fileRef = 5EF6997820723F1C0092C068 /* Assets.xcassets */; };
		5EF6997C20723F1C0092C068 /* LaunchScreen.storyboard in Resources */ = {isa = PBXBuildFile; fileRef = 5EF6997A20723F1C0092C068 /* LaunchScreen.storyboard */; };
		A6D610FC0905DA7AA40ED7D9 /* Pods_DagTrek.framework in Frameworks */ = {isa = PBXBuildFile; fileRef = 300CAC8F3FD2DFD94F1573D6 /* Pods_DagTrek.framework */; };
/* End PBXBuildFile section */

/* Begin PBXFileReference section */
		03F4E79DF2056CC33B1B2FC7 /* Pods-DagTrek.debug.xcconfig */ = {isa = PBXFileReference; includeInIndex = 1; lastKnownFileType = text.xcconfig; name = "Pods-DagTrek.debug.xcconfig"; path = "Pods/Target Support Files/Pods-DagTrek/Pods-DagTrek.debug.xcconfig"; sourceTree = "<group>"; };
		300CAC8F3FD2DFD94F1573D6 /* Pods_DagTrek.framework */ = {isa = PBXFileReference; explicitFileType = wrapper.framework; includeInIndex = 0; path = Pods_DagTrek.framework; sourceTree = BUILT_PRODUCTS_DIR; };
		50A576139F91287C5B97D2C4 /* Pods-DagTrek.release.xcconfig */ = {isa = PBXFileReference; includeInIndex = 1; lastKnownFileType = text.xcconfig; name = "Pods-DagTrek.release.xcconfig"; path = "Pods/Target Support Files/Pods-DagTrek/Pods-DagTrek.release.xcconfig"; sourceTree = "<group>"; };
		5EF6996E20723F160092C068 /* DagTrek.app */ = {isa = PBXFileReference; explicitFileType = wrapper.application; includeInIndex = 0; path = DagTrek.app; sourceTree = BUILT_PRODUCTS_DIR; };
		5EF6997120723F160092C068 /* AppDelegate.swift */ = {isa = PBXFileReference; lastKnownFileType = sourcecode.swift; path = AppDelegate.swift; sourceTree = "<group>"; };
		5EF6997320723F160092C068 /* ViewController.swift */ = {isa = PBXFileReference; lastKnownFileType = sourcecode.swift; path = ViewController.swift; sourceTree = "<group>"; };
		5EF6997620723F160092C068 /* Base */ = {isa = PBXFileReference; lastKnownFileType = file.storyboard; name = Base; path = Base.lproj/Main.storyboard; sourceTree = "<group>"; };
		5EF6997820723F1C0092C068 /* Assets.xcassets */ = {isa = PBXFileReference; lastKnownFileType = folder.assetcatalog; path = Assets.xcassets; sourceTree = "<group>"; };
		5EF6997B20723F1C0092C068 /* Base */ = {isa = PBXFileReference; lastKnownFileType = file.storyboard; name = Base; path = Base.lproj/LaunchScreen.storyboard; sourceTree = "<group>"; };
		5EF6997D20723F1C0092C068 /* Info.plist */ = {isa = PBXFileReference; lastKnownFileType = text.plist.xml; path = Info.plist; sourceTree = "<group>"; };
/* End PBXFileReference section */

/* Begin PBXFrameworksBuildPhase section */
		5EF6996B20723F160092C068 /* Frameworks */ = {
			isa = PBXFrameworksBuildPhase;
			buildActionMask = 2147483647;
			files = (
				A6D610FC0905DA7AA40ED7D9 /* Pods_DagTrek.framework in Frameworks */,
			);
			runOnlyForDeploymentPostprocessing = 0;
		};
/* End PBXFrameworksBuildPhase section */

/* Begin PBXGroup section */
		1BF27E27C052C5FF3C9D2140 /* Pods */ = {
			isa = PBXGroup;
			children = (
				03F4E79DF2056CC33B1B2FC7 /* Pods-DagTrek.debug.xcconfig */,
				50A576139F91287C5B97D2C4 /* Pods-DagTrek.release.xcconfig */,
			);
			name = Pods;
			sourceTree = "<group>";
		};
		5EF6996520723F160092C068 = {
			isa = PBXGroup;
			children = (
				5EF6997020723F160092C068 /* DagTrek */,
				5EF6996F20723F160092C068 /* Products */,
				1BF27E27C052C5FF3C9D2140 /* Pods */,
				D59DB72555989D7CA83EB9E5 /* Frameworks */,
			);
			sourceTree = "<group>";
		};
		5EF6996F20723F160092C068 /* Products */ = {
			isa = PBXGroup;
			children = (
				5EF6996E20723F160092C068 /* DagTrek.app */,
			);
			name = Products;
			sourceTree = "<group>";
		};
		5EF6997020723F160092C068 /* DagTrek */ = {
			isa = PBXGroup;
			children = (
				5EF6997120723F160092C068 /* AppDelegate.swift */,
				5EF6997320723F160092C068 /* ViewController.swift */,
				5EF6997520723F160092C068 /* Main.storyboard */,
				5EF6997820723F1C0092C068 /* Assets.xcassets */,
				5EF6997A20723F1C0092C068 /* LaunchScreen.storyboard */,
				5EF6997D20723F1C0092C068 /* Info.plist */,
			);
			path = DagTrek;
			sourceTree = "<group>";
		};
		D59DB72555989D7CA83EB9E5 /* Frameworks */ = {
			isa = PBXGroup;
			children = (
				300CAC8F3FD2DFD94F1573D6 /* Pods_DagTrek.framework */,
			);
			name = Frameworks;
			sourceTree = "<group>";
		};
/* End PBXGroup section */

/* Begin PBXNativeTarget section */
		5EF6996D20723F160092C068 /* DagTrek */ = {
			isa = PBXNativeTarget;
			buildConfigurationList = 5EF6998020723F1C0092C068 /* Build configuration list for PBXNativeTarget "DagTrek" */;
			buildPhases = (
				5E802EF2C7A7AA44BCC63D64 /* [CP] Check Pods Manifest.lock */,
				5EF6996A20723F160092C068 /* Sources */,
				5EF6996B20723F160092C068 /* Frameworks */,
				5EF6996C20723F160092C068 /* Resources */,
				D4E48FFECE64FD5B6051B8A3 /* [CP] Embed Pods Frameworks */,
				9F943A8D807116CDA086012B /* [CP] Copy Pods Resources */,
			);
			buildRules = (
			);
			dependencies = (
			);
			name = DagTrek;
			productName = DagTrek;
			productReference = 5EF6996E20723F160092C068 /* DagTrek.app */;
			productType = "com.apple.product-type.application";
		};
/* End PBXNativeTarget section */

/* Begin PBXProject section */
		5EF6996620723F160092C068 /* Project object */ = {
			isa = PBXProject;
			attributes = {
				LastSwiftUpdateCheck = 0930;
				LastUpgradeCheck = 0930;
				ORGANIZATIONNAME = "Onur Madran";
				TargetAttributes = {
					5EF6996D20723F160092C068 = {
						CreatedOnToolsVersion = 9.3;
					};
				};
			};
			buildConfigurationList = 5EF6996920723F160092C068 /* Build configuration list for PBXProject "DagTrek" */;
			compatibilityVersion = "Xcode 9.3";
			developmentRegion = en;
			hasScannedForEncodings = 0;
			knownRegions = (
				en,
				Base,
			);
			mainGroup = 5EF6996520723F160092C068;
			productRefGroup = 5EF6996F20723F160092C068 /* Products */;
			projectDirPath = "";
			projectRoot = "";
			targets = (
				5EF6996D20723F160092C068 /* DagTrek */,
			);
		};
/* End PBXProject section */

/* Begin PBXResourcesBuildPhase section */
		5EF6996C20723F160092C068 /* Resources */ = {
			isa = PBXResourcesBuildPhase;
			buildActionMask = 2147483647;
			files = (
				5EF6997C20723F1C0092C068 /* LaunchScreen.storyboard in Resources */,
				5EF6997920723F1C0092C068 /* Assets.xcassets in Resources */,
				5EF6997720723F160092C068 /* Main.storyboard in Resources */,
			);
			runOnlyForDeploymentPostprocessing = 0;
		};
/* End PBXResourcesBuildPhase section */

/* Begin PBXShellScriptBuildPhase section */
		5E802EF2C7A7AA44BCC63D64 /* [CP] Check Pods Manifest.lock */ = {
			isa = PBXShellScriptBuildPhase;
			buildActionMask = 2147483647;
			files = (
			);
			inputPaths = (
				"${PODS_PODFILE_DIR_PATH}/Podfile.lock",
				"${PODS_ROOT}/Manifest.lock",
			);
			name = "[CP] Check Pods Manifest.lock";
			outputPaths = (
				"$(DERIVED_FILE_DIR)/Pods-DagTrek-checkManifestLockResult.txt",
			);
			runOnlyForDeploymentPostprocessing = 0;
			shellPath = /bin/sh;
			shellScript = "diff \"${PODS_PODFILE_DIR_PATH}/Podfile.lock\" \"${PODS_ROOT}/Manifest.lock\" > /dev/null\nif [ $? != 0 ] ; then\n    # print error to STDERR\n    echo \"error: The sandbox is not in sync with the Podfile.lock. Run 'pod install' or update your CocoaPods installation.\" >&2\n    exit 1\nfi\n# This output is used by Xcode 'outputs' to avoid re-running this script phase.\necho \"SUCCESS\" > \"${SCRIPT_OUTPUT_FILE_0}\"\n";
			showEnvVarsInLog = 0;
		};
		9F943A8D807116CDA086012B /* [CP] Copy Pods Resources */ = {
			isa = PBXShellScriptBuildPhase;
			buildActionMask = 2147483647;
			files = (
			);
			inputPaths = (
			);
			name = "[CP] Copy Pods Resources";
			outputPaths = (
			);
			runOnlyForDeploymentPostprocessing = 0;
			shellPath = /bin/sh;
			shellScript = "\"${SRCROOT}/Pods/Target Support Files/Pods-DagTrek/Pods-DagTrek-resources.sh\"\n";
			showEnvVarsInLog = 0;
		};
		D4E48FFECE64FD5B6051B8A3 /* [CP] Embed Pods Frameworks */ = {
			isa = PBXShellScriptBuildPhase;
			buildActionMask = 2147483647;
			files = (
			);
			inputPaths = (
			);
			name = "[CP] Embed Pods Frameworks";
			outputPaths = (
			);
			runOnlyForDeploymentPostprocessing = 0;
			shellPath = /bin/sh;
			shellScript = "\"${SRCROOT}/Pods/Target Support Files/Pods-DagTrek/Pods-DagTrek-frameworks.sh\"\n";
			showEnvVarsInLog = 0;
		};
/* End PBXShellScriptBuildPhase section */

/* Begin PBXSourcesBuildPhase section */
		5EF6996A20723F160092C068 /* Sources */ = {
			isa = PBXSourcesBuildPhase;
			buildActionMask = 2147483647;
			files = (
				5EF6997420723F160092C068 /* ViewController.swift in Sources */,
				5EF6997220723F160092C068 /* AppDelegate.swift in Sources */,
			);
			runOnlyForDeploymentPostprocessing = 0;
		};
/* End PBXSourcesBuildPhase section */

/* Begin PBXVariantGroup section */
		5EF6997520723F160092C068 /* Main.storyboard */ = {
			isa = PBXVariantGroup;
			children = (
				5EF6997620723F160092C068 /* Base */,
			);
			name = Main.storyboard;
			sourceTree = "<group>";
		};
		5EF6997A20723F1C0092C068 /* LaunchScreen.storyboard */ = {
			isa = PBXVariantGroup;
			children = (
				5EF6997B20723F1C0092C068 /* Base */,
			);
			name = LaunchScreen.storyboard;
			sourceTree = "<group>";
		};
/* End PBXVariantGroup section */

/* Begin XCBuildConfiguration section */
		5EF6997E20723F1C0092C068 /* Debug */ = {
			isa = XCBuildConfiguration;
			buildSettings = {
				ALWAYS_SEARCH_USER_PATHS = NO;
				CLANG_ANALYZER_NONNULL = YES;
				CLANG_ANALYZER_NUMBER_OBJECT_CONVERSION = YES_AGGRESSIVE;
				CLANG_CXX_LANGUAGE_STANDARD = "gnu++14";
				CLANG_CXX_LIBRARY = "libc++";
				CLANG_ENABLE_MODULES = YES;
				CLANG_ENABLE_OBJC_ARC = YES;
				CLANG_ENABLE_OBJC_WEAK = YES;
				CLANG_WARN_BLOCK_CAPTURE_AUTORELEASING = YES;
				CLANG_WARN_BOOL_CONVERSION = YES;
				CLANG_WARN_COMMA = YES;
				CLANG_WARN_CONSTANT_CONVERSION = YES;
				CLANG_WARN_DEPRECATED_OBJC_IMPLEMENTATIONS = YES;
				CLANG_WARN_DIRECT_OBJC_ISA_USAGE = YES_ERROR;
				CLANG_WARN_DOCUMENTATION_COMMENTS = YES;
				CLANG_WARN_EMPTY_BODY = YES;
				CLANG_WARN_ENUM_CONVERSION = YES;
				CLANG_WARN_INFINITE_RECURSION = YES;
				CLANG_WARN_INT_CONVERSION = YES;
				CLANG_WARN_NON_LITERAL_NULL_CONVERSION = YES;
				CLANG_WARN_OBJC_IMPLICIT_RETAIN_SELF = YES;
				CLANG_WARN_OBJC_LITERAL_CONVERSION = YES;
				CLANG_WARN_OBJC_ROOT_CLASS = YES_ERROR;
				CLANG_WARN_RANGE_LOOP_ANALYSIS = YES;
				CLANG_WARN_STRICT_PROTOTYPES = YES;
				CLANG_WARN_SUSPICIOUS_MOVE = YES;
				CLANG_WARN_UNGUARDED_AVAILABILITY = YES_AGGRESSIVE;
				CLANG_WARN_UNREACHABLE_CODE = YES;
				CLANG_WARN__DUPLICATE_METHOD_MATCH = YES;
				CODE_SIGN_IDENTITY = "iPhone Developer";
				COPY_PHASE_STRIP = NO;
				DEBUG_INFORMATION_FORMAT = dwarf;
				ENABLE_STRICT_OBJC_MSGSEND = YES;
				ENABLE_TESTABILITY = YES;
				GCC_C_LANGUAGE_STANDARD = gnu11;
				GCC_DYNAMIC_NO_PIC = NO;
				GCC_NO_COMMON_BLOCKS = YES;
				GCC_OPTIMIZATION_LEVEL = 0;
				GCC_PREPROCESSOR_DEFINITIONS = (
					"DEBUG=1",
					"$(inherited)",
				);
				GCC_WARN_64_TO_32_BIT_CONVERSION = YES;
				GCC_WARN_ABOUT_RETURN_TYPE = YES_ERROR;
				GCC_WARN_UNDECLARED_SELECTOR = YES;
				GCC_WARN_UNINITIALIZED_AUTOS = YES_AGGRESSIVE;
				GCC_WARN_UNUSED_FUNCTION = YES;
				GCC_WARN_UNUSED_VARIABLE = YES;
				IPHONEOS_DEPLOYMENT_TARGET = 11.3;
				MTL_ENABLE_DEBUG_INFO = YES;
				ONLY_ACTIVE_ARCH = YES;
				SDKROOT = iphoneos;
				SWIFT_ACTIVE_COMPILATION_CONDITIONS = DEBUG;
				SWIFT_OPTIMIZATION_LEVEL = "-Onone";
			};
			name = Debug;
		};
		5EF6997F20723F1C0092C068 /* Release */ = {
			isa = XCBuildConfiguration;
			buildSettings = {
				ALWAYS_SEARCH_USER_PATHS = NO;
				CLANG_ANALYZER_NONNULL = YES;
				CLANG_ANALYZER_NUMBER_OBJECT_CONVERSION = YES_AGGRESSIVE;
				CLANG_CXX_LANGUAGE_STANDARD = "gnu++14";
				CLANG_CXX_LIBRARY = "libc++";
				CLANG_ENABLE_MODULES = YES;
				CLANG_ENABLE_OBJC_ARC = YES;
				CLANG_ENABLE_OBJC_WEAK = YES;
				CLANG_WARN_BLOCK_CAPTURE_AUTORELEASING = YES;
				CLANG_WARN_BOOL_CONVERSION = YES;
				CLANG_WARN_COMMA = YES;
				CLANG_WARN_CONSTANT_CONVERSION = YES;
				CLANG_WARN_DEPRECATED_OBJC_IMPLEMENTATIONS = YES;
				CLANG_WARN_DIRECT_OBJC_ISA_USAGE = YES_ERROR;
				CLANG_WARN_DOCUMENTATION_COMMENTS = YES;
				CLANG_WARN_EMPTY_BODY = YES;
				CLANG_WARN_ENUM_CONVERSION = YES;
				CLANG_WARN_INFINITE_RECURSION = YES;
				CLANG_WARN_INT_CONVERSION = YES;
				CLANG_WARN_NON_LITERAL_NULL_CONVERSION = YES;
				CLANG_WARN_OBJC_IMPLICIT_RETAIN_SELF = YES;
				CLANG_WARN_OBJC_LITERAL_CONVERSION = YES;
				CLANG_WARN_OBJC_ROOT_CLASS = YES_ERROR;
				CLANG_WARN_RANGE_LOOP_ANALYSIS = YES;
				CLANG_WARN_STRICT_PROTOTYPES = YES;
				CLANG_WARN_SUSPICIOUS_MOVE = YES;
				CLANG_WARN_UNGUARDED_AVAILABILITY = YES_AGGRESSIVE;
				CLANG_WARN_UNREACHABLE_CODE = YES;
				CLANG_WARN__DUPLICATE_METHOD_MATCH = YES;
				CODE_SIGN_IDENTITY = "iPhone Developer";
				COPY_PHASE_STRIP = NO;
				DEBUG_INFORMATION_FORMAT = "dwarf-with-dsym";
				ENABLE_NS_ASSERTIONS = NO;
				ENABLE_STRICT_OBJC_MSGSEND = YES;
				GCC_C_LANGUAGE_STANDARD = gnu11;
				GCC_NO_COMMON_BLOCKS = YES;
				GCC_WARN_64_TO_32_BIT_CONVERSION = YES;
				GCC_WARN_ABOUT_RETURN_TYPE = YES_ERROR;
				GCC_WARN_UNDECLARED_SELECTOR = YES;
				GCC_WARN_UNINITIALIZED_AUTOS = YES_AGGRESSIVE;
				GCC_WARN_UNUSED_FUNCTION = YES;
				GCC_WARN_UNUSED_VARIABLE = YES;
				IPHONEOS_DEPLOYMENT_TARGET = 11.3;
				MTL_ENABLE_DEBUG_INFO = NO;
				SDKROOT = iphoneos;
				SWIFT_COMPILATION_MODE = wholemodule;
				SWIFT_OPTIMIZATION_LEVEL = "-O";
				VALIDATE_PRODUCT = YES;
			};
			name = Release;
		};
		5EF6998120723F1C0092C068 /* Debug */ = {
			isa = XCBuildConfiguration;
			baseConfigurationReference = 03F4E79DF2056CC33B1B2FC7 /* Pods-DagTrek.debug.xcconfig */;
			buildSettings = {
				ASSETCATALOG_COMPILER_APPICON_NAME = AppIcon;
				CODE_SIGN_STYLE = Automatic;
				INFOPLIST_FILE = DagTrek/Info.plist;
				LD_RUNPATH_SEARCH_PATHS = "$(inherited) @executable_path/Frameworks";
				PRODUCT_BUNDLE_IDENTIFIER = com.fo.DagTrek;
				PRODUCT_NAME = "$(TARGET_NAME)";
				SWIFT_VERSION = 4.0;
				TARGETED_DEVICE_FAMILY = "1,2";
			};
			name = Debug;
		};
		5EF6998220723F1C0092C068 /* Release */ = {
			isa = XCBuildConfiguration;
			baseConfigurationReference = 50A576139F91287C5B97D2C4 /* Pods-DagTrek.release.xcconfig */;
			buildSettings = {
				ASSETCATALOG_COMPILER_APPICON_NAME = AppIcon;
				CODE_SIGN_STYLE = Automatic;
				INFOPLIST_FILE = DagTrek/Info.plist;
				LD_RUNPATH_SEARCH_PATHS = "$(inherited) @executable_path/Frameworks";
				PRODUCT_BUNDLE_IDENTIFIER = com.fo.DagTrek;
				PRODUCT_NAME = "$(TARGET_NAME)";
				SWIFT_VERSION = 4.0;
				TARGETED_DEVICE_FAMILY = "1,2";
			};
			name = Release;
		};
/* End XCBuildConfiguration section */

/* Begin XCConfigurationList section */
		5EF6996920723F160092C068 /* Build configuration list for PBXProject "DagTrek" */ = {
			isa = XCConfigurationList;
			buildConfigurations = (
				5EF6997E20723F1C0092C068 /* Debug */,
				5EF6997F20723F1C0092C068 /* Release */,
			);
			defaultConfigurationIsVisible = 0;
			defaultConfigurationName = Release;
		};
		5EF6998020723F1C0092C068 /* Build configuration list for PBXNativeTarget "DagTrek" */ = {
			isa = XCConfigurationList;
			buildConfigurations = (
				5EF6998120723F1C0092C068 /* Debug */,
				5EF6998220723F1C0092C068 /* Release */,
			);
			defaultConfigurationIsVisible = 0;
			defaultConfigurationName = Release;
		};
/* End XCConfigurationList section */
	};
	rootObject = 5EF6996620723F160092C068 /* Project object */;
}
